Microsoft Visual Studio Solution File, Format Version 12.00
# Visual Studio Version 17
VisualStudioVersion = 17.5.2.0
MinimumVisualStudioVersion = 10.0.40219.1
Project("{FAE04EC0-301F-11D3-BF4B-00C04F79EFBC}") = "LeetCodeSolutions", "LeetCodeSolutions\LeetCodeSolutions.csproj", "{24358B61-48CF-25EA-A53A-7AF99E493AB6}"
EndProject
Global
	GlobalSection(SolutionConfigurationPlatforms) = preSolution
		Debug|Any CPU = Debug|Any CPU
		Release|Any CPU = Release|Any CPU
	EndGlobalSection
	GlobalSection(ProjectConfigurationPlatforms) = postSolution
		{24358B61-48CF-25EA-A53A-7AF99E493AB6}.Debug|Any CPU.ActiveCfg = Debug|Any CPU
		{24358B61-48CF-25EA-A53A-7AF99E493AB6}.Debug|Any CPU.Build.0 = Debug|Any CPU
		{24358B61-48CF-25EA-A53A-7AF99E493AB6}.Release|Any CPU.ActiveCfg = Release|Any CPU
		{24358B61-48CF-25EA-A53A-7AF99E493AB6}.Release|Any CPU.Build.0 = Release|Any CPU
	EndGlobalSection
	GlobalSection(SolutionProperties) = preSolution
		HideSolutionNode = FALSE
	EndGlobalSection
	GlobalSection(ExtensibilityGlobals) = postSolution
		SolutionGuid = {6BEA77E7-E2BA-4511-8E0D-D8A2CB38BE95}
	EndGlobalSection
EndGlobal
